// !$*UTF8*$!
{
	archiveVersion = 1;
	classes = {
	};
	objectVersion = 50;
	objects = {

/* Begin PBXBuildFile section */
		763D02CF2349FA6300513D41 /* AppDelegate.swift in Sources */ = {isa = PBXBuildFile; fileRef = 763D02CE2349FA6300513D41 /* AppDelegate.swift */; };
		763D02D12349FA6300513D41 /* SceneDelegate.swift in Sources */ = {isa = PBXBuildFile; fileRef = 763D02D02349FA6300513D41 /* SceneDelegate.swift */; };
		763D02D32349FA6300513D41 /* ViewController.swift in Sources */ = {isa = PBXBuildFile; fileRef = 763D02D22349FA6300513D41 /* ViewController.swift */; };
		763D02D62349FA6300513D41 /* Main.storyboard in Resources */ = {isa = PBXBuildFile; fileRef = 763D02D42349FA6300513D41 /* Main.storyboard */; };
		763D02D82349FA6400513D41 /* Assets.xcassets in Resources */ = {isa = PBXBuildFile; fileRef = 763D02D72349FA6400513D41 /* Assets.xcassets */; };
		763D02DB2349FA6400513D41 /* LaunchScreen.storyboard in Resources */ = {isa = PBXBuildFile; fileRef = 763D02D92349FA6400513D41 /* LaunchScreen.storyboard */; };
		76E9633E236B55980004181C /* AboutViewController.swift in Sources */ = {isa = PBXBuildFile; fileRef = 76E9633D236B55980004181C /* AboutViewController.swift */; };
		76E96340236B5D860004181C /* BullsEye.html in Resources */ = {isa = PBXBuildFile; fileRef = 76E9633F236B5D860004181C /* BullsEye.html */; };
/* End PBXBuildFile section */

/* Begin PBXFileReference section */
		763D02CB2349FA6300513D41 /* Bull's Eye.app */ = {isa = PBXFileReference; explicitFileType = wrapper.application; includeInIndex = 0; path = "Bull's Eye.app"; sourceTree = BUILT_PRODUCTS_DIR; };
		763D02CE2349FA6300513D41 /* AppDelegate.swift */ = {isa = PBXFileReference; lastKnownFileType = sourcecode.swift; path = AppDelegate.swift; sourceTree = "<group>"; };
		763D02D02349FA6300513D41 /* SceneDelegate.swift */ = {isa = PBXFileReference; lastKnownFileType = sourcecode.swift; path = SceneDelegate.swift; sourceTree = "<group>"; };
		763D02D22349FA6300513D41 /* ViewController.swift */ = {isa = PBXFileReference; lastKnownFileType = sourcecode.swift; path = ViewController.swift; sourceTree = "<group>"; };
		763D02D52349FA6300513D41 /* Base */ = {isa = PBXFileReference; lastKnownFileType = file.storyboard; name = Base; path = Base.lproj/Main.storyboard; sourceTree = "<group>"; };
		763D02D72349FA6400513D41 /* Assets.xcassets */ = {isa = PBXFileReference; lastKnownFileType = folder.assetcatalog; path = Assets.xcassets; sourceTree = "<group>"; };
		763D02DA2349FA6400513D41 /* Base */ = {isa = PBXFileReference; lastKnownFileType = file.storyboard; name = Base; path = Base.lproj/LaunchScreen.storyboard; sourceTree = "<group>"; };
		763D02DC2349FA6400513D41 /* Info.plist */ = {isa = PBXFileReference; lastKnownFileType = text.plist.xml; path = Info.plist; sourceTree = "<group>"; };
		76E9633D236B55980004181C /* AboutViewController.swift */ = {isa = PBXFileReference; lastKnownFileType = sourcecode.swift; path = AboutViewController.swift; sourceTree = "<group>"; };
		76E9633F236B5D860004181C /* BullsEye.html */ = {isa = PBXFileReference; fileEncoding = 4; lastKnownFileType = text.html; path = BullsEye.html; sourceTree = "<group>"; };
/* End PBXFileReference section */

/* Begin PBXFrameworksBuildPhase section */
		763D02C82349FA6300513D41 /* Frameworks */ = {
			isa = PBXFrameworksBuildPhase;
			buildActionMask = 2147483647;
			files = (
			);
			runOnlyForDeploymentPostprocessing = 0;
		};
/* End PBXFrameworksBuildPhase section */

/* Begin PBXGroup section */
		763D02C22349FA6300513D41 = {
			isa = PBXGroup;
			children = (
				763D02CD2349FA6300513D41 /* Bull's Eye */,
				763D02CC2349FA6300513D41 /* Products */,
			);
			sourceTree = "<group>";
		};
		763D02CC2349FA6300513D41 /* Products */ = {
			isa = PBXGroup;
			children = (
				763D02CB2349FA6300513D41 /* Bull's Eye.app */,
			);
			name = Products;
			sourceTree = "<group>";
		};
		763D02CD2349FA6300513D41 /* Bull's Eye */ = {
			isa = PBXGroup;
			children = (
				76E9633F236B5D860004181C /* BullsEye.html */,
				763D02CE2349FA6300513D41 /* AppDelegate.swift */,
				763D02D02349FA6300513D41 /* SceneDelegate.swift */,
				763D02D22349FA6300513D41 /* ViewController.swift */,
				76E9633D236B55980004181C /* AboutViewController.swift */,
				763D02D42349FA6300513D41 /* Main.storyboard */,
				763D02D72349FA6400513D41 /* Assets.xcassets */,
				763D02D92349FA6400513D41 /* LaunchScreen.storyboard */,
				763D02DC2349FA6400513D41 /* Info.plist */,
			);
			path = "Bull's Eye";
			sourceTree = "<group>";
		};
/* End PBXGroup section */

/* Begin PBXNativeTarget section */
		763D02CA2349FA6300513D41 /* Bull's Eye */ = {
			isa = PBXNativeTarget;
			buildConfigurationList = 763D02DF2349FA6400513D41 /* Build configuration list for PBXNativeTarget "Bull's Eye" */;
			buildPhases = (
				763D02C72349FA6300513D41 /* Sources */,
				763D02C82349FA6300513D41 /* Frameworks */,
				763D02C92349FA6300513D41 /* Resources */,
			);
			buildRules = (
			);
			dependencies = (
			);
			name = "Bull's Eye";
			productName = "Bull's Eye";
			productReference = 763D02CB2349FA6300513D41 /* Bull's Eye.app */;
			productType = "com.apple.product-type.application";
		};
/* End PBXNativeTarget section */

/* Begin PBXProject section */
		763D02C32349FA6300513D41 /* Project object */ = {
			isa = PBXProject;
			attributes = {
				LastSwiftUpdateCheck = 1100;
				LastUpgradeCheck = 1100;
				ORGANIZATIONNAME = "Tomasz Oskroba";
				TargetAttributes = {
					763D02CA2349FA6300513D41 = {
						CreatedOnToolsVersion = 11.0;
					};
				};
			};
			buildConfigurationList = 763D02C62349FA6300513D41 /* Build configuration list for PBXProject "Bull's Eye" */;
			compatibilityVersion = "Xcode 9.3";
			developmentRegion = en;
			hasScannedForEncodings = 0;
			knownRegions = (
				en,
				Base,
			);
			mainGroup = 763D02C22349FA6300513D41;
			productRefGroup = 763D02CC2349FA6300513D41 /* Products */;
			projectDirPath = "";
			projectRoot = "";
			targets = (
				763D02CA2349FA6300513D41 /* Bull's Eye */,
			);
		};
/* End PBXProject section */

/* Begin PBXResourcesBuildPhase section */
		763D02C92349FA6300513D41 /* Resources */ = {
			isa = PBXResourcesBuildPhase;
			buildActionMask = 2147483647;
			files = (
				763D02DB2349FA6400513D41 /* LaunchScreen.storyboard in Resources */,
				76E96340236B5D860004181C /* BullsEye.html in Resources */,
				763D02D82349FA6400513D41 /* Assets.xcassets in Resources */,
				763D02D62349FA6300513D41 /* Main.storyboard in Resources */,
			);
			runOnlyForDeploymentPostprocessing = 0;
		};
/* End PBXResourcesBuildPhase section */

/* Begin PBXSourcesBuildPhase section */
		763D02C72349FA6300513D41 /* Sources */ = {
			isa = PBXSourcesBuildPhase;
			buildActionMask = 2147483647;
			files = (
				763D02D32349FA6300513D41 /* ViewController.swift in Sources */,
				763D02CF2349FA6300513D41 /* AppDelegate.swift in Sources */,
				76E9633E236B55980004181C /* AboutViewController.swift in Sources */,
				763D02D12349FA6300513D41 /* SceneDelegate.swift in Sources */,
			);
			runOnlyForDeploymentPostprocessing = 0;
		};
/* End PBXSourcesBuildPhase section */

/* Begin PBXVariantGroup section */
		763D02D42349FA6300513D41 /* Main.storyboard */ = {
			isa = PBXVariantGroup;
			children = (
				763D02D52349FA6300513D41 /* Base */,
			);
			name = Main.storyboard;
			sourceTree = "<group>";
		};
		763D02D92349FA6400513D41 /* LaunchScreen.storyboard */ = {
			isa = PBXVariantGroup;
			children = (
				763D02DA2349FA6400513D41 /* Base */,
			);
			name = LaunchScreen.storyboard;
			sourceTree = "<group>";
		};
/* End PBXVariantGroup section */

/* Begin XCBuildConfiguration section */
		763D02DD2349FA6400513D41 /* Debug */ = {
			isa = XCBuildConfiguration;
			buildSettings = {
				ALWAYS_SEARCH_USER_PATHS = NO;
				CLANG_ANALYZER_NONNULL = YES;
				CLANG_ANALYZER_NUMBER_OBJECT_CONVERSION = YES_AGGRESSIVE;
				CLANG_CXX_LANGUAGE_STANDARD = "gnu++14";
				CLANG_CXX_LIBRARY = "libc++";
				CLANG_ENABLE_MODULES = YES;
				CLANG_ENABLE_OBJC_ARC = YES;
				CLANG_ENABLE_OBJC_WEAK = YES;
				CLANG_WARN_BLOCK_CAPTURE_AUTORELEASING = YES;
				CLANG_WARN_BOOL_CONVERSION = YES;
				CLANG_WARN_COMMA = YES;
				CLANG_WARN_CONSTANT_CONVERSION = YES;
				CLANG_WARN_DEPRECATED_OBJC_IMPLEMENTATIONS = YES;
				CLANG_WARN_DIRECT_OBJC_ISA_USAGE = YES_ERROR;
				CLANG_WARN_DOCUMENTATION_COMMENTS = YES;
				CLANG_WARN_EMPTY_BODY = YES;
				CLANG_WARN_ENUM_CONVERSION = YES;
				CLANG_WARN_INFINITE_RECURSION = YES;
				CLANG_WARN_INT_CONVERSION = YES;
				CLANG_WARN_NON_LITERAL_NULL_CONVERSION = YES;
				CLANG_WARN_OBJC_IMPLICIT_RETAIN_SELF = YES;
				CLANG_WARN_OBJC_LITERAL_CONVERSION = YES;
				CLANG_WARN_OBJC_ROOT_CLASS = YES_ERROR;
				CLANG_WARN_RANGE_LOOP_ANALYSIS = YES;
				CLANG_WARN_STRICT_PROTOTYPES = YES;
				CLANG_WARN_SUSPICIOUS_MOVE = YES;
				CLANG_WARN_UNGUARDED_AVAILABILITY = YES_AGGRESSIVE;
				CLANG_WARN_UNREACHABLE_CODE = YES;
				CLANG_WARN__DUPLICATE_METHOD_MATCH = YES;
				COPY_PHASE_STRIP = NO;
				DEBUG_INFORMATION_FORMAT = dwarf;
				ENABLE_STRICT_OBJC_MSGSEND = YES;
				ENABLE_TESTABILITY = YES;
				GCC_C_LANGUAGE_STANDARD = gnu11;
				GCC_DYNAMIC_NO_PIC = NO;
				GCC_NO_COMMON_BLOCKS = YES;
				GCC_OPTIMIZATION_LEVEL = 0;
				GCC_PREPROCESSOR_DEFINITIONS = (
					"DEBUG=1",
					"$(inherited)",
				);
				GCC_WARN_64_TO_32_BIT_CONVERSION = YES;
				GCC_WARN_ABOUT_RETURN_TYPE = YES_ERROR;
				GCC_WARN_UNDECLARED_SELECTOR = YES;
				GCC_WARN_UNINITIALIZED_AUTOS = YES_AGGRESSIVE;
				GCC_WARN_UNUSED_FUNCTION = YES;
				GCC_WARN_UNUSED_VARIABLE = YES;
				IPHONEOS_DEPLOYMENT_TARGET = 13.0;
				MTL_ENABLE_DEBUG_INFO = INCLUDE_SOURCE;
				MTL_FAST_MATH = YES;
				ONLY_ACTIVE_ARCH = YES;
				SDKROOT = iphoneos;
				SWIFT_ACTIVE_COMPILATION_CONDITIONS = DEBUG;
				SWIFT_OPTIMIZATION_LEVEL = "-Onone";
			};
			name = Debug;
		};
		763D02DE2349FA6400513D41 /* Release */ = {
			isa = XCBuildConfiguration;
			buildSettings = {
				ALWAYS_SEARCH_USER_PATHS = NO;
				CLANG_ANALYZER_NONNULL = YES;
				CLANG_ANALYZER_NUMBER_OBJECT_CONVERSION = YES_AGGRESSIVE;
				CLANG_CXX_LANGUAGE_STANDARD = "gnu++14";
				CLANG_CXX_LIBRARY = "libc++";
				CLANG_ENABLE_MODULES = YES;
				CLANG_ENABLE_OBJC_ARC = YES;
				CLANG_ENABLE_OBJC_WEAK = YES;
				CLANG_WARN_BLOCK_CAPTURE_AUTORELEASING = YES;
				CLANG_WARN_BOOL_CONVERSION = YES;
				CLANG_WARN_COMMA = YES;
				CLANG_WARN_CONSTANT_CONVERSION = YES;
				CLANG_WARN_DEPRECATED_OBJC_IMPLEMENTATIONS = YES;
				CLANG_WARN_DIRECT_OBJC_ISA_USAGE = YES_ERROR;
				CLANG_WARN_DOCUMENTATION_COMMENTS = YES;
				CLANG_WARN_EMPTY_BODY = YES;
				CLANG_WARN_ENUM_CONVERSION = YES;
				CLANG_WARN_INFINITE_RECURSION = YES;
				CLANG_WARN_INT_CONVERSION = YES;
				CLANG_WARN_NON_LITERAL_NULL_CONVERSION = YES;
				CLANG_WARN_OBJC_IMPLICIT_RETAIN_SELF = YES;
				CLANG_WARN_OBJC_LITERAL_CONVERSION = YES;
				CLANG_WARN_OBJC_ROOT_CLASS = YES_ERROR;
				CLANG_WARN_RANGE_LOOP_ANALYSIS = YES;
				CLANG_WARN_STRICT_PROTOTYPES = YES;
				CLANG_WARN_SUSPICIOUS_MOVE = YES;
				CLANG_WARN_UNGUARDED_AVAILABILITY = YES_AGGRESSIVE;
				CLANG_WARN_UNREACHABLE_CODE = YES;
				CLANG_WARN__DUPLICATE_METHOD_MATCH = YES;
				COPY_PHASE_STRIP = NO;
				DEBUG_INFORMATION_FORMAT = "dwarf-with-dsym";
				ENABLE_NS_ASSERTIONS = NO;
				ENABLE_STRICT_OBJC_MSGSEND = YES;
				GCC_C_LANGUAGE_STANDARD = gnu11;
				GCC_NO_COMMON_BLOCKS = YES;
				GCC_WARN_64_TO_32_BIT_CONVERSION = YES;
				GCC_WARN_ABOUT_RETURN_TYPE = YES_ERROR;
				GCC_WARN_UNDECLARED_SELECTOR = YES;
				GCC_WARN_UNINITIALIZED_AUTOS = YES_AGGRESSIVE;
				GCC_WARN_UNUSED_FUNCTION = YES;
				GCC_WARN_UNUSED_VARIABLE = YES;
				IPHONEOS_DEPLOYMENT_TARGET = 13.0;
				MTL_ENABLE_DEBUG_INFO = NO;
				MTL_FAST_MATH = YES;
				SDKROOT = iphoneos;
				SWIFT_COMPILATION_MODE = wholemodule;
				SWIFT_OPTIMIZATION_LEVEL = "-O";
				VALIDATE_PRODUCT = YES;
			};
			name = Release;
		};
		763D02E02349FA6400513D41 /* Debug */ = {
			isa = XCBuildConfiguration;
			buildSettings = {
				ASSETCATALOG_COMPILER_APPICON_NAME = AppIcon;
				CODE_SIGN_STYLE = Automatic;
				DEVELOPMENT_TEAM = XWXS3TS29J;
				INFOPLIST_FILE = "Bull's Eye/Info.plist";
				LD_RUNPATH_SEARCH_PATHS = (
					"$(inherited)",
					"@executable_path/Frameworks",
				);
				PRODUCT_BUNDLE_IDENTIFIER = "TiOS.Bull-s-Eye";
				PRODUCT_NAME = "$(TARGET_NAME)";
				SWIFT_VERSION = 5.0;
				TARGETED_DEVICE_FAMILY = "1,2";
			};
			name = Debug;
		};
		763D02E12349FA6400513D41 /* Release */ = {
			isa = XCBuildConfiguration;
			buildSettings = {
				ASSETCATALOG_COMPILER_APPICON_NAME = AppIcon;
				CODE_SIGN_STYLE = Automatic;
				DEVELOPMENT_TEAM = XWXS3TS29J;
				INFOPLIST_FILE = "Bull's Eye/Info.plist";
				LD_RUNPATH_SEARCH_PATHS = (
					"$(inherited)",
					"@executable_path/Frameworks",
				);
				PRODUCT_BUNDLE_IDENTIFIER = "TiOS.Bull-s-Eye";
				PRODUCT_NAME = "$(TARGET_NAME)";
				SWIFT_VERSION = 5.0;
				TARGETED_DEVICE_FAMILY = "1,2";
			};
			name = Release;
		};
/* End XCBuildConfiguration section */

/* Begin XCConfigurationList section */
		763D02C62349FA6300513D41 /* Build configuration list for PBXProject "Bull's Eye" */ = {
			isa = XCConfigurationList;
			buildConfigurations = (
				763D02DD2349FA6400513D41 /* Debug */,
				763D02DE2349FA6400513D41 /* Release */,
			);
			defaultConfigurationIsVisible = 0;
			defaultConfigurationName = Release;
		};
		763D02DF2349FA6400513D41 /* Build configuration list for PBXNativeTarget "Bull's Eye" */ = {
			isa = XCConfigurationList;
			buildConfigurations = (
				763D02E02349FA6400513D41 /* Debug */,
				763D02E12349FA6400513D41 /* Release */,
			);
			defaultConfigurationIsVisible = 0;
			defaultConfigurationName = Release;
		};
/* End XCConfigurationList section */
	};
	rootObject = 763D02C32349FA6300513D41 /* Project object */;
}
